
Microsoft Visual Studio Solution File, Format Version 12.00
# Visual Studio Version 17
VisualStudioVersion = 17.6.33829.357
MinimumVisualStudioVersion = 10.0.40219.1
Project("{FAE04EC0-301F-11D3-BF4B-00C04F79EFBC}") = "Maior&MenorAltura", "Maior&MenorAltura\Maior&MenorAltura.csproj", "{C5030FB6-0F7C-4DC3-81B9-3680FA50F47F}"
EndProject
Global
	GlobalSection(SolutionConfigurationPlatforms) = preSolution
		Debug|Any CPU = Debug|Any CPU
		Release|Any CPU = Release|Any CPU
	EndGlobalSection
	GlobalSection(ProjectConfigurationPlatforms) = postSolution
		{C5030FB6-0F7C-4DC3-81B9-3680FA50F47F}.Debug|Any CPU.ActiveCfg = Debug|Any CPU
		{C5030FB6-0F7C-4DC3-81B9-3680FA50F47F}.Debug|Any CPU.Build.0 = Debug|Any CPU
		{C5030FB6-0F7C-4DC3-81B9-3680FA50F47F}.Release|Any CPU.ActiveCfg = Release|Any CPU
		{C5030FB6-0F7C-4DC3-81B9-3680FA50F47F}.Release|Any CPU.Build.0 = Release|Any CPU
	EndGlobalSection
	GlobalSection(SolutionProperties) = preSolution
		HideSolutionNode = FALSE
	EndGlobalSection
	GlobalSection(ExtensibilityGlobals) = postSolution
		SolutionGuid = {5E5A62AC-B775-494A-B784-B766791815D0}
	EndGlobalSection
EndGlobal
